
Microsoft Visual Studio Solution File, Format Version 11.00
# Visual Studio 2010
Project("{FAE04EC0-301F-11D3-BF4B-00C04F79EFBC}") = "Assembly-CSharp", "Assembly-CSharp.csproj", "{784a8050-dc37-bda4-66a4-ecb9b13be71b}"
EndProject
Project("{FAE04EC0-301F-11D3-BF4B-00C04F79EFBC}") = "Assembly-CSharp", "Assembly-CSharp.Player.csproj", "{e1e47187-c656-2b74-1b1d-e9285530f891}"
EndProject
Global
	GlobalSection(SolutionConfigurationPlatforms) = preSolution
		Debug|Any CPU = Debug|Any CPU
	EndGlobalSection
	GlobalSection(ProjectConfigurationPlatforms) = postSolution
		{784a8050-dc37-bda4-66a4-ecb9b13be71b}.Debug|Any CPU.ActiveCfg = Debug|Any CPU
		{784a8050-dc37-bda4-66a4-ecb9b13be71b}.Debug|Any CPU.Build.0 = Debug|Any CPU
		{e1e47187-c656-2b74-1b1d-e9285530f891}.Debug|Any CPU.ActiveCfg = Debug|Any CPU
		{e1e47187-c656-2b74-1b1d-e9285530f891}.Debug|Any CPU.Build.0 = Debug|Any CPU
	EndGlobalSection
	GlobalSection(SolutionProperties) = preSolution
		HideSolutionNode = FALSE
	EndGlobalSection
EndGlobal
